
Microsoft Visual Studio Solution File, Format Version 12.00
# Visual Studio Version 17
VisualStudioVersion = 17.9.34622.214
MinimumVisualStudioVersion = 10.0.40219.1
Project("{FAE04EC0-301F-11D3-BF4B-00C04F79EFBC}") = "GithubTestApp", "GithubTestApp\GithubTestApp.csproj", "{8529476A-D51E-45F7-BAFD-A98122D1124D}"
EndProject
Global
	GlobalSection(SolutionConfigurationPlatforms) = preSolution
		Debug|Any CPU = Debug|Any CPU
		Release|Any CPU = Release|Any CPU
	EndGlobalSection
	GlobalSection(ProjectConfigurationPlatforms) = postSolution
		{8529476A-D51E-45F7-BAFD-A98122D1124D}.Debug|Any CPU.ActiveCfg = Debug|Any CPU
		{8529476A-D51E-45F7-BAFD-A98122D1124D}.Debug|Any CPU.Build.0 = Debug|Any CPU
		{8529476A-D51E-45F7-BAFD-A98122D1124D}.Release|Any CPU.ActiveCfg = Release|Any CPU
		{8529476A-D51E-45F7-BAFD-A98122D1124D}.Release|Any CPU.Build.0 = Release|Any CPU
	EndGlobalSection
	GlobalSection(SolutionProperties) = preSolution
		HideSolutionNode = FALSE
	EndGlobalSection
	GlobalSection(ExtensibilityGlobals) = postSolution
		SolutionGuid = {FB1245EC-CF9E-47B6-A995-BE1D237E94EB}
	EndGlobalSection
EndGlobal
